PODS:
  - Capacitor (8.0.0-nightly-20251105T150639.0):
    - CapacitorCordova
  - CapacitorCamera (8.0.0-alpha.1):
    - Capacitor
  - CapacitorCordova (8.0.0-nightly-20251105T150639.0)
  - CapacitorHaptics (8.0.0-next.1):
    - Capacitor
  - CapacitorKeyboard (8.0.0-next.1):
    - Capacitor
  - CapacitorSplashScreen (8.0.0-alpha.1):
    - Capacitor
  - CapacitorStatusBar (8.0.0-alpha.1):
    - Capacitor

DEPENDENCIES:
  - "Capacitor (from `../../node_modules/@capacitor/ios`)"
  - "CapacitorCamera (from `../../node_modules/@capacitor/camera`)"
  - "CapacitorCordova (from `../../node_modules/@capacitor/ios`)"
  - "CapacitorHaptics (from `../../node_modules/@capacitor/haptics`)"
  - "CapacitorKeyboard (from `../../node_modules/@capacitor/keyboard`)"
  - "CapacitorSplashScreen (from `../../node_modules/@capacitor/splash-screen`)"
  - "CapacitorStatusBar (from `../../node_modules/@capacitor/status-bar`)"

EXTERNAL SOURCES:
  Capacitor:
    :path: "../../node_modules/@capacitor/ios"
  CapacitorCamera:
    :path: "../../node_modules/@capacitor/camera"
  CapacitorCordova:
    :path: "../../node_modules/@capacitor/ios"
  CapacitorHaptics:
    :path: "../../node_modules/@capacitor/haptics"
  CapacitorKeyboard:
    :path: "../../node_modules/@capacitor/keyboard"
  CapacitorSplashScreen:
    :path: "../../node_modules/@capacitor/splash-screen"
  CapacitorStatusBar:
    :path: "../../node_modules/@capacitor/status-bar"

SPEC CHECKSUMS:
  Capacitor: 4f28a89130c63ea17442ed79de4e61f39c2e69c7
  CapacitorCamera: f072b76519f1a5981becb6caa3ab10c79622ae66
  CapacitorCordova: 4370c48b79d8738f59b169250941d615a9ba1445
  CapacitorHaptics: 2fd2894bdc32bf3d51624c8378ec8ac4da775bb8
  CapacitorKeyboard: 306f5cc00a90bd33eb72eca4f66efcf99777ef6e
  CapacitorSplashScreen: 6a9a07f9b1313faad49dde7bb8f12b7c4fcc3acf
  CapacitorStatusBar: e63b86efff722cfbb243318aa071e0d12ccb0418

PODFILE CHECKSUM: 7b624ff0b49883db4143a248164a9276595e14f6

COCOAPODS: 1.16.2
